
Microsoft Visual Studio Solution File, Format Version 12.00
# Visual Studio Version 16
VisualStudioVersion = 16.0.29326.143
MinimumVisualStudioVersion = 10.0.40219.1
Project("{FAE04EC0-301F-11D3-BF4B-00C04F79EFBC}") = "BingoGen", "BingoGen.csproj", "{EFD50B0E-A396-47F1-A757-A854CB8B6E5A}"
EndProject
Global
	GlobalSection(SolutionConfigurationPlatforms) = preSolution
		Debug|Any CPU = Debug|Any CPU
		Release|Any CPU = Release|Any CPU
	EndGlobalSection
	GlobalSection(ProjectConfigurationPlatforms) = postSolution
		{EFD50B0E-A396-47F1-A757-A854CB8B6E5A}.Debug|Any CPU.ActiveCfg = Debug|Any CPU
		{EFD50B0E-A396-47F1-A757-A854CB8B6E5A}.Debug|Any CPU.Build.0 = Debug|Any CPU
		{EFD50B0E-A396-47F1-A757-A854CB8B6E5A}.Release|Any CPU.ActiveCfg = Release|Any CPU
		{EFD50B0E-A396-47F1-A757-A854CB8B6E5A}.Release|Any CPU.Build.0 = Release|Any CPU
	EndGlobalSection
	GlobalSection(SolutionProperties) = preSolution
		HideSolutionNode = FALSE
	EndGlobalSection
	GlobalSection(ExtensibilityGlobals) = postSolution
		SolutionGuid = {D0B1461B-2881-4482-8FA5-457CD47F762D}
	EndGlobalSection
EndGlobal
